// !$*UTF8*$!
{
	archiveVersion = 1;
	classes = {
	};
	objectVersion = 51;
	objects = {

/* Begin PBXBuildFile section */
		2735334D2384381700D61F8E /* CategoryCollectionViewController.swift in Sources */ = {isa = PBXBuildFile; fileRef = 2735334C2384381700D61F8E /* CategoryCollectionViewController.swift */; };
		2735334F2384467000D61F8E /* CategoryCollectionViewCell.swift in Sources */ = {isa = PBXBuildFile; fileRef = 2735334E2384467000D61F8E /* CategoryCollectionViewCell.swift */; };
		273533512384568D00D61F8E /* FirebaseCollectionReference.swift in Sources */ = {isa = PBXBuildFile; fileRef = 273533502384568D00D61F8E /* FirebaseCollectionReference.swift */; };
		273533532384584700D61F8E /* Category.swift in Sources */ = {isa = PBXBuildFile; fileRef = 273533522384584700D61F8E /* Category.swift */; };
		27353355238C12D400D61F8E /* ItemsTableViewController.swift in Sources */ = {isa = PBXBuildFile; fileRef = 27353354238C12D400D61F8E /* ItemsTableViewController.swift */; };
		27353357238C1B2E00D61F8E /* Item.swift in Sources */ = {isa = PBXBuildFile; fileRef = 27353356238C1B2E00D61F8E /* Item.swift */; };
		273533592396471000D61F8E /* ItemTableViewCell.swift in Sources */ = {isa = PBXBuildFile; fileRef = 273533582396471000D61F8E /* ItemTableViewCell.swift */; };
		2735335B2396BCBC00D61F8E /* ItemViewController.swift in Sources */ = {isa = PBXBuildFile; fileRef = 2735335A2396BCBC00D61F8E /* ItemViewController.swift */; };
		275026E2237B36B00097AF77 /* AppDelegate.swift in Sources */ = {isa = PBXBuildFile; fileRef = 275026E1237B36B00097AF77 /* AppDelegate.swift */; };
		275026E4237B36B00097AF77 /* ViewController.swift in Sources */ = {isa = PBXBuildFile; fileRef = 275026E3237B36B00097AF77 /* ViewController.swift */; };
		275026E7237B36B00097AF77 /* Main.storyboard in Resources */ = {isa = PBXBuildFile; fileRef = 275026E5237B36B00097AF77 /* Main.storyboard */; };
		275026E9237B36B10097AF77 /* Assets.xcassets in Resources */ = {isa = PBXBuildFile; fileRef = 275026E8237B36B10097AF77 /* Assets.xcassets */; };
		275026EC237B36B10097AF77 /* LaunchScreen.storyboard in Resources */ = {isa = PBXBuildFile; fileRef = 275026EA237B36B10097AF77 /* LaunchScreen.storyboard */; };
		275026F4237B37CC0097AF77 /* SignUpViewController.swift in Sources */ = {isa = PBXBuildFile; fileRef = 275026F3237B37CC0097AF77 /* SignUpViewController.swift */; };
		275026F6237B37FB0097AF77 /* LoginViewController.swift in Sources */ = {isa = PBXBuildFile; fileRef = 275026F5237B37FB0097AF77 /* LoginViewController.swift */; };
		275026F9237B38290097AF77 /* HomeViewController.swift in Sources */ = {isa = PBXBuildFile; fileRef = 275026F8237B38290097AF77 /* HomeViewController.swift */; };
		275026FC237B48620097AF77 /* GoogleService-Info.plist in Resources */ = {isa = PBXBuildFile; fileRef = 275026FB237B48620097AF77 /* GoogleService-Info.plist */; };
		275026FE237C6A700097AF77 /* Constants.swift in Sources */ = {isa = PBXBuildFile; fileRef = 275026FD237C6A700097AF77 /* Constants.swift */; };
		27975744F4A951D7C7A87AEF /* Pods_ProjectIOS.framework in Frameworks */ = {isa = PBXBuildFile; fileRef = 80DB7F4FF767C2701366B146 /* Pods_ProjectIOS.framework */; };
		27DF394A2396E4E400AFAD45 /* SearchViewController.swift in Sources */ = {isa = PBXBuildFile; fileRef = 27DF39492396E4E400AFAD45 /* SearchViewController.swift */; };
/* End PBXBuildFile section */

/* Begin PBXFileReference section */
		097791466573435E40ADF569 /* Pods-ProjectIOS.release.xcconfig */ = {isa = PBXFileReference; includeInIndex = 1; lastKnownFileType = text.xcconfig; name = "Pods-ProjectIOS.release.xcconfig"; path = "Target Support Files/Pods-ProjectIOS/Pods-ProjectIOS.release.xcconfig"; sourceTree = "<group>"; };
		134481BBBAE4E204663B213C /* Pods-ProjectIOS.debug.xcconfig */ = {isa = PBXFileReference; includeInIndex = 1; lastKnownFileType = text.xcconfig; name = "Pods-ProjectIOS.debug.xcconfig"; path = "Target Support Files/Pods-ProjectIOS/Pods-ProjectIOS.debug.xcconfig"; sourceTree = "<group>"; };
		2735334C2384381700D61F8E /* CategoryCollectionViewController.swift */ = {isa = PBXFileReference; lastKnownFileType = sourcecode.swift; path = CategoryCollectionViewController.swift; sourceTree = "<group>"; };
		2735334E2384467000D61F8E /* CategoryCollectionViewCell.swift */ = {isa = PBXFileReference; lastKnownFileType = sourcecode.swift; path = CategoryCollectionViewCell.swift; sourceTree = "<group>"; };
		273533502384568D00D61F8E /* FirebaseCollectionReference.swift */ = {isa = PBXFileReference; lastKnownFileType = sourcecode.swift; path = FirebaseCollectionReference.swift; sourceTree = "<group>"; };
		273533522384584700D61F8E /* Category.swift */ = {isa = PBXFileReference; lastKnownFileType = sourcecode.swift; path = Category.swift; sourceTree = "<group>"; };
		27353354238C12D400D61F8E /* ItemsTableViewController.swift */ = {isa = PBXFileReference; lastKnownFileType = sourcecode.swift; path = ItemsTableViewController.swift; sourceTree = "<group>"; };
		27353356238C1B2E00D61F8E /* Item.swift */ = {isa = PBXFileReference; lastKnownFileType = sourcecode.swift; path = Item.swift; sourceTree = "<group>"; };
		273533582396471000D61F8E /* ItemTableViewCell.swift */ = {isa = PBXFileReference; lastKnownFileType = sourcecode.swift; path = ItemTableViewCell.swift; sourceTree = "<group>"; };
		2735335A2396BCBC00D61F8E /* ItemViewController.swift */ = {isa = PBXFileReference; lastKnownFileType = sourcecode.swift; path = ItemViewController.swift; sourceTree = "<group>"; };
		275026DE237B36B00097AF77 /* ProjectIOS.app */ = {isa = PBXFileReference; explicitFileType = wrapper.application; includeInIndex = 0; path = ProjectIOS.app; sourceTree = BUILT_PRODUCTS_DIR; };
		275026E1237B36B00097AF77 /* AppDelegate.swift */ = {isa = PBXFileReference; lastKnownFileType = sourcecode.swift; path = AppDelegate.swift; sourceTree = "<group>"; };
		275026E3237B36B00097AF77 /* ViewController.swift */ = {isa = PBXFileReference; lastKnownFileType = sourcecode.swift; path = ViewController.swift; sourceTree = "<group>"; };
		275026E6237B36B00097AF77 /* Base */ = {isa = PBXFileReference; lastKnownFileType = file.storyboard; name = Base; path = Base.lproj/Main.storyboard; sourceTree = "<group>"; };
		275026E8237B36B10097AF77 /* Assets.xcassets */ = {isa = PBXFileReference; lastKnownFileType = folder.assetcatalog; path = Assets.xcassets; sourceTree = "<group>"; };
		275026EB237B36B10097AF77 /* Base */ = {isa = PBXFileReference; lastKnownFileType = file.storyboard; name = Base; path = Base.lproj/LaunchScreen.storyboard; sourceTree = "<group>"; };
		275026ED237B36B10097AF77 /* Info.plist */ = {isa = PBXFileReference; lastKnownFileType = text.plist.xml; path = Info.plist; sourceTree = "<group>"; };
		275026F3237B37CC0097AF77 /* SignUpViewController.swift */ = {isa = PBXFileReference; lastKnownFileType = sourcecode.swift; path = SignUpViewController.swift; sourceTree = "<group>"; };
		275026F5237B37FB0097AF77 /* LoginViewController.swift */ = {isa = PBXFileReference; lastKnownFileType = sourcecode.swift; path = LoginViewController.swift; sourceTree = "<group>"; };
		275026F8237B38290097AF77 /* HomeViewController.swift */ = {isa = PBXFileReference; lastKnownFileType = sourcecode.swift; path = HomeViewController.swift; sourceTree = "<group>"; };
		275026FB237B48620097AF77 /* GoogleService-Info.plist */ = {isa = PBXFileReference; fileEncoding = 4; lastKnownFileType = text.plist.xml; path = "GoogleService-Info.plist"; sourceTree = "<group>"; };
		275026FD237C6A700097AF77 /* Constants.swift */ = {isa = PBXFileReference; lastKnownFileType = sourcecode.swift; path = Constants.swift; sourceTree = "<group>"; };
		27DF39492396E4E400AFAD45 /* SearchViewController.swift */ = {isa = PBXFileReference; lastKnownFileType = sourcecode.swift; path = SearchViewController.swift; sourceTree = "<group>"; };
		80DB7F4FF767C2701366B146 /* Pods_ProjectIOS.framework */ = {isa = PBXFileReference; explicitFileType = wrapper.framework; includeInIndex = 0; path = Pods_ProjectIOS.framework; sourceTree = BUILT_PRODUCTS_DIR; };
/* End PBXFileReference section */

/* Begin PBXFrameworksBuildPhase section */
		275026DB237B36B00097AF77 /* Frameworks */ = {
			isa = PBXFrameworksBuildPhase;
			buildActionMask = 2147483647;
			files = (
				27975744F4A951D7C7A87AEF /* Pods_ProjectIOS.framework in Frameworks */,
			);
			runOnlyForDeploymentPostprocessing = 0;
		};
/* End PBXFrameworksBuildPhase section */

/* Begin PBXGroup section */
		275026D5237B36B00097AF77 = {
			isa = PBXGroup;
			children = (
				275026E0237B36B00097AF77 /* ProjectIOS */,
				275026DF237B36B00097AF77 /* Products */,
				5065210890766EE122ACE375 /* Pods */,
				BA5E8B82CB313F58DED2DE78 /* Frameworks */,
			);
			sourceTree = "<group>";
		};
		275026DF237B36B00097AF77 /* Products */ = {
			isa = PBXGroup;
			children = (
				275026DE237B36B00097AF77 /* ProjectIOS.app */,
			);
			name = Products;
			sourceTree = "<group>";
		};
		275026E0237B36B00097AF77 /* ProjectIOS */ = {
			isa = PBXGroup;
			children = (
				275026FA237B397F0097AF77 /* View Controllers */,
				275026E1237B36B00097AF77 /* AppDelegate.swift */,
				27353356238C1B2E00D61F8E /* Item.swift */,
				273533502384568D00D61F8E /* FirebaseCollectionReference.swift */,
				273533522384584700D61F8E /* Category.swift */,
				275026FD237C6A700097AF77 /* Constants.swift */,
				275026E5237B36B00097AF77 /* Main.storyboard */,
				275026E8237B36B10097AF77 /* Assets.xcassets */,
				275026EA237B36B10097AF77 /* LaunchScreen.storyboard */,
				275026ED237B36B10097AF77 /* Info.plist */,
				275026FB237B48620097AF77 /* GoogleService-Info.plist */,
			);
			path = ProjectIOS;
			sourceTree = "<group>";
		};
		275026FA237B397F0097AF77 /* View Controllers */ = {
			isa = PBXGroup;
			children = (
				275026E3237B36B00097AF77 /* ViewController.swift */,
				2735335A2396BCBC00D61F8E /* ItemViewController.swift */,
				27353354238C12D400D61F8E /* ItemsTableViewController.swift */,
				275026F3237B37CC0097AF77 /* SignUpViewController.swift */,
				275026F5237B37FB0097AF77 /* LoginViewController.swift */,
				275026F8237B38290097AF77 /* HomeViewController.swift */,
				2735334C2384381700D61F8E /* CategoryCollectionViewController.swift */,
				2735334E2384467000D61F8E /* CategoryCollectionViewCell.swift */,
				273533582396471000D61F8E /* ItemTableViewCell.swift */,
				27DF39492396E4E400AFAD45 /* SearchViewController.swift */,
			);
			path = "View Controllers";
			sourceTree = "<group>";
		};
		5065210890766EE122ACE375 /* Pods */ = {
			isa = PBXGroup;
			children = (
				134481BBBAE4E204663B213C /* Pods-ProjectIOS.debug.xcconfig */,
				097791466573435E40ADF569 /* Pods-ProjectIOS.release.xcconfig */,
			);
			path = Pods;
			sourceTree = "<group>";
		};
		BA5E8B82CB313F58DED2DE78 /* Frameworks */ = {
			isa = PBXGroup;
			children = (
				80DB7F4FF767C2701366B146 /* Pods_ProjectIOS.framework */,
			);
			name = Frameworks;
			sourceTree = "<group>";
		};
/* End PBXGroup section */

/* Begin PBXNativeTarget section */
		275026DD237B36B00097AF77 /* ProjectIOS */ = {
			isa = PBXNativeTarget;
			buildConfigurationList = 275026F0237B36B10097AF77 /* Build configuration list for PBXNativeTarget "ProjectIOS" */;
			buildPhases = (
				92EECAC6B843254472AB7A85 /* [CP] Check Pods Manifest.lock */,
				275026DA237B36B00097AF77 /* Sources */,
				275026DB237B36B00097AF77 /* Frameworks */,
				275026DC237B36B00097AF77 /* Resources */,
				644E0D5D500E42BAD0B0A233 /* [CP] Embed Pods Frameworks */,
				279A205A2396D8E200710B20 /* ShellScript */,
			);
			buildRules = (
			);
			dependencies = (
			);
			name = ProjectIOS;
			productName = ProjectIOS;
			productReference = 275026DE237B36B00097AF77 /* ProjectIOS.app */;
			productType = "com.apple.product-type.application";
		};
/* End PBXNativeTarget section */

/* Begin PBXProject section */
		275026D6237B36B00097AF77 /* Project object */ = {
			isa = PBXProject;
			attributes = {
				LastSwiftUpdateCheck = 1030;
				LastUpgradeCheck = 1030;
				ORGANIZATIONNAME = "Dinara Sadykova";
				TargetAttributes = {
					275026DD237B36B00097AF77 = {
						CreatedOnToolsVersion = 10.3;
					};
				};
			};
			buildConfigurationList = 275026D9237B36B00097AF77 /* Build configuration list for PBXProject "ProjectIOS" */;
			compatibilityVersion = "Xcode 9.3";
			developmentRegion = en;
			hasScannedForEncodings = 0;
			knownRegions = (
				en,
				Base,
			);
			mainGroup = 275026D5237B36B00097AF77;
			productRefGroup = 275026DF237B36B00097AF77 /* Products */;
			projectDirPath = "";
			projectRoot = "";
			targets = (
				275026DD237B36B00097AF77 /* ProjectIOS */,
			);
		};
/* End PBXProject section */

/* Begin PBXResourcesBuildPhase section */
		275026DC237B36B00097AF77 /* Resources */ = {
			isa = PBXResourcesBuildPhase;
			buildActionMask = 2147483647;
			files = (
				275026EC237B36B10097AF77 /* LaunchScreen.storyboard in Resources */,
				275026FC237B48620097AF77 /* GoogleService-Info.plist in Resources */,
				275026E9237B36B10097AF77 /* Assets.xcassets in Resources */,
				275026E7237B36B00097AF77 /* Main.storyboard in Resources */,
			);
			runOnlyForDeploymentPostprocessing = 0;
		};
/* End PBXResourcesBuildPhase section */

/* Begin PBXShellScriptBuildPhase section */
		279A205A2396D8E200710B20 /* ShellScript */ = {
			isa = PBXShellScriptBuildPhase;
			buildActionMask = 2147483647;
			files = (
			);
			inputFileListPaths = (
			);
			inputPaths = (
			);
			outputFileListPaths = (
			);
			outputPaths = (
			);
			runOnlyForDeploymentPostprocessing = 0;
			shellPath = /bin/sh;
			shellScript = "# Type a script or drag a script file from your workspace to insert its path.\n\"${PODS_ROOT}/Fabric/run\"\n";
		};
		644E0D5D500E42BAD0B0A233 /* [CP] Embed Pods Frameworks */ = {
			isa = PBXShellScriptBuildPhase;
			buildActionMask = 2147483647;
			files = (
			);
			inputFileListPaths = (
				"${PODS_ROOT}/Target Support Files/Pods-ProjectIOS/Pods-ProjectIOS-frameworks-${CONFIGURATION}-input-files.xcfilelist",
			);
			name = "[CP] Embed Pods Frameworks";
			outputFileListPaths = (
				"${PODS_ROOT}/Target Support Files/Pods-ProjectIOS/Pods-ProjectIOS-frameworks-${CONFIGURATION}-output-files.xcfilelist",
			);
			runOnlyForDeploymentPostprocessing = 0;
			shellPath = /bin/sh;
			shellScript = "\"${PODS_ROOT}/Target Support Files/Pods-ProjectIOS/Pods-ProjectIOS-frameworks.sh\"\n";
			showEnvVarsInLog = 0;
		};
		92EECAC6B843254472AB7A85 /* [CP] Check Pods Manifest.lock */ = {
			isa = PBXShellScriptBuildPhase;
			buildActionMask = 2147483647;
			files = (
			);
			inputFileListPaths = (
			);
			inputPaths = (
				"${PODS_PODFILE_DIR_PATH}/Podfile.lock",
				"${PODS_ROOT}/Manifest.lock",
			);
			name = "[CP] Check Pods Manifest.lock";
			outputFileListPaths = (
			);
			outputPaths = (
				"$(DERIVED_FILE_DIR)/Pods-ProjectIOS-checkManifestLockResult.txt",
			);
			runOnlyForDeploymentPostprocessing = 0;
			shellPath = /bin/sh;
			shellScript = "diff \"${PODS_PODFILE_DIR_PATH}/Podfile.lock\" \"${PODS_ROOT}/Manifest.lock\" > /dev/null\nif [ $? != 0 ] ; then\n    # print error to STDERR\n    echo \"error: The sandbox is not in sync with the Podfile.lock. Run 'pod install' or update your CocoaPods installation.\" >&2\n    exit 1\nfi\n# This output is used by Xcode 'outputs' to avoid re-running this script phase.\necho \"SUCCESS\" > \"${SCRIPT_OUTPUT_FILE_0}\"\n";
			showEnvVarsInLog = 0;
		};
/* End PBXShellScriptBuildPhase section */

/* Begin PBXSourcesBuildPhase section */
		275026DA237B36B00097AF77 /* Sources */ = {
			isa = PBXSourcesBuildPhase;
			buildActionMask = 2147483647;
			files = (
				27DF394A2396E4E400AFAD45 /* SearchViewController.swift in Sources */,
				2735334F2384467000D61F8E /* CategoryCollectionViewCell.swift in Sources */,
				273533532384584700D61F8E /* Category.swift in Sources */,
				275026F9237B38290097AF77 /* HomeViewController.swift in Sources */,
				27353355238C12D400D61F8E /* ItemsTableViewController.swift in Sources */,
				27353357238C1B2E00D61F8E /* Item.swift in Sources */,
				275026F6237B37FB0097AF77 /* LoginViewController.swift in Sources */,
				273533592396471000D61F8E /* ItemTableViewCell.swift in Sources */,
				2735335B2396BCBC00D61F8E /* ItemViewController.swift in Sources */,
				275026F4237B37CC0097AF77 /* SignUpViewController.swift in Sources */,
				275026E4237B36B00097AF77 /* ViewController.swift in Sources */,
				275026E2237B36B00097AF77 /* AppDelegate.swift in Sources */,
				273533512384568D00D61F8E /* FirebaseCollectionReference.swift in Sources */,
				275026FE237C6A700097AF77 /* Constants.swift in Sources */,
				2735334D2384381700D61F8E /* CategoryCollectionViewController.swift in Sources */,
			);
			runOnlyForDeploymentPostprocessing = 0;
		};
/* End PBXSourcesBuildPhase section */

/* Begin PBXVariantGroup section */
		275026E5237B36B00097AF77 /* Main.storyboard */ = {
			isa = PBXVariantGroup;
			children = (
				275026E6237B36B00097AF77 /* Base */,
			);
			name = Main.storyboard;
			sourceTree = "<group>";
		};
		275026EA237B36B10097AF77 /* LaunchScreen.storyboard */ = {
			isa = PBXVariantGroup;
			children = (
				275026EB237B36B10097AF77 /* Base */,
			);
			name = LaunchScreen.storyboard;
			sourceTree = "<group>";
		};
/* End PBXVariantGroup section */

/* Begin XCBuildConfiguration section */
		275026EE237B36B10097AF77 /* Debug */ = {
			isa = XCBuildConfiguration;
			buildSettings = {
				ALWAYS_SEARCH_USER_PATHS = NO;
				CLANG_ANALYZER_NONNULL = YES;
				CLANG_ANALYZER_NUMBER_OBJECT_CONVERSION = YES_AGGRESSIVE;
				CLANG_CXX_LANGUAGE_STANDARD = "gnu++14";
				CLANG_CXX_LIBRARY = "libc++";
				CLANG_ENABLE_MODULES = YES;
				CLANG_ENABLE_OBJC_ARC = YES;
				CLANG_ENABLE_OBJC_WEAK = YES;
				CLANG_WARN_BLOCK_CAPTURE_AUTORELEASING = YES;
				CLANG_WARN_BOOL_CONVERSION = YES;
				CLANG_WARN_COMMA = YES;
				CLANG_WARN_CONSTANT_CONVERSION = YES;
				CLANG_WARN_DEPRECATED_OBJC_IMPLEMENTATIONS = YES;
				CLANG_WARN_DIRECT_OBJC_ISA_USAGE = YES_ERROR;
				CLANG_WARN_DOCUMENTATION_COMMENTS = YES;
				CLANG_WARN_EMPTY_BODY = YES;
				CLANG_WARN_ENUM_CONVERSION = YES;
				CLANG_WARN_INFINITE_RECURSION = YES;
				CLANG_WARN_INT_CONVERSION = YES;
				CLANG_WARN_NON_LITERAL_NULL_CONVERSION = YES;
				CLANG_WARN_OBJC_IMPLICIT_RETAIN_SELF = YES;
				CLANG_WARN_OBJC_LITERAL_CONVERSION = YES;
				CLANG_WARN_OBJC_ROOT_CLASS = YES_ERROR;
				CLANG_WARN_RANGE_LOOP_ANALYSIS = YES;
				CLANG_WARN_STRICT_PROTOTYPES = YES;
				CLANG_WARN_SUSPICIOUS_MOVE = YES;
				CLANG_WARN_UNGUARDED_AVAILABILITY = YES_AGGRESSIVE;
				CLANG_WARN_UNREACHABLE_CODE = YES;
				CLANG_WARN__DUPLICATE_METHOD_MATCH = YES;
				CODE_SIGN_IDENTITY = "iPhone Developer";
				COPY_PHASE_STRIP = NO;
				DEBUG_INFORMATION_FORMAT = dwarf;
				ENABLE_STRICT_OBJC_MSGSEND = YES;
				ENABLE_TESTABILITY = YES;
				GCC_C_LANGUAGE_STANDARD = gnu11;
				GCC_DYNAMIC_NO_PIC = NO;
				GCC_NO_COMMON_BLOCKS = YES;
				GCC_OPTIMIZATION_LEVEL = 0;
				GCC_PREPROCESSOR_DEFINITIONS = (
					"DEBUG=1",
					"$(inherited)",
				);
				GCC_WARN_64_TO_32_BIT_CONVERSION = YES;
				GCC_WARN_ABOUT_RETURN_TYPE = YES_ERROR;
				GCC_WARN_UNDECLARED_SELECTOR = YES;
				GCC_WARN_UNINITIALIZED_AUTOS = YES_AGGRESSIVE;
				GCC_WARN_UNUSED_FUNCTION = YES;
				GCC_WARN_UNUSED_VARIABLE = YES;
				IPHONEOS_DEPLOYMENT_TARGET = 12.4;
				MTL_ENABLE_DEBUG_INFO = INCLUDE_SOURCE;
				MTL_FAST_MATH = YES;
				ONLY_ACTIVE_ARCH = YES;
				SDKROOT = iphoneos;
				SWIFT_ACTIVE_COMPILATION_CONDITIONS = DEBUG;
				SWIFT_OPTIMIZATION_LEVEL = "-Onone";
			};
			name = Debug;
		};
		275026EF237B36B10097AF77 /* Release */ = {
			isa = XCBuildConfiguration;
			buildSettings = {
				ALWAYS_SEARCH_USER_PATHS = NO;
				CLANG_ANALYZER_NONNULL = YES;
				CLANG_ANALYZER_NUMBER_OBJECT_CONVERSION = YES_AGGRESSIVE;
				CLANG_CXX_LANGUAGE_STANDARD = "gnu++14";
				CLANG_CXX_LIBRARY = "libc++";
				CLANG_ENABLE_MODULES = YES;
				CLANG_ENABLE_OBJC_ARC = YES;
				CLANG_ENABLE_OBJC_WEAK = YES;
				CLANG_WARN_BLOCK_CAPTURE_AUTORELEASING = YES;
				CLANG_WARN_BOOL_CONVERSION = YES;
				CLANG_WARN_COMMA = YES;
				CLANG_WARN_CONSTANT_CONVERSION = YES;
				CLANG_WARN_DEPRECATED_OBJC_IMPLEMENTATIONS = YES;
				CLANG_WARN_DIRECT_OBJC_ISA_USAGE = YES_ERROR;
				CLANG_WARN_DOCUMENTATION_COMMENTS = YES;
				CLANG_WARN_EMPTY_BODY = YES;
				CLANG_WARN_ENUM_CONVERSION = YES;
				CLANG_WARN_INFINITE_RECURSION = YES;
				CLANG_WARN_INT_CONVERSION = YES;
				CLANG_WARN_NON_LITERAL_NULL_CONVERSION = YES;
				CLANG_WARN_OBJC_IMPLICIT_RETAIN_SELF = YES;
				CLANG_WARN_OBJC_LITERAL_CONVERSION = YES;
				CLANG_WARN_OBJC_ROOT_CLASS = YES_ERROR;
				CLANG_WARN_RANGE_LOOP_ANALYSIS = YES;
				CLANG_WARN_STRICT_PROTOTYPES = YES;
				CLANG_WARN_SUSPICIOUS_MOVE = YES;
				CLANG_WARN_UNGUARDED_AVAILABILITY = YES_AGGRESSIVE;
				CLANG_WARN_UNREACHABLE_CODE = YES;
				CLANG_WARN__DUPLICATE_METHOD_MATCH = YES;
				CODE_SIGN_IDENTITY = "iPhone Developer";
				COPY_PHASE_STRIP = NO;
				DEBUG_INFORMATION_FORMAT = "dwarf-with-dsym";
				ENABLE_NS_ASSERTIONS = NO;
				ENABLE_STRICT_OBJC_MSGSEND = YES;
				GCC_C_LANGUAGE_STANDARD = gnu11;
				GCC_NO_COMMON_BLOCKS = YES;
				GCC_WARN_64_TO_32_BIT_CONVERSION = YES;
				GCC_WARN_ABOUT_RETURN_TYPE = YES_ERROR;
				GCC_WARN_UNDECLARED_SELECTOR = YES;
				GCC_WARN_UNINITIALIZED_AUTOS = YES_AGGRESSIVE;
				GCC_WARN_UNUSED_FUNCTION = YES;
				GCC_WARN_UNUSED_VARIABLE = YES;
				IPHONEOS_DEPLOYMENT_TARGET = 12.4;
				MTL_ENABLE_DEBUG_INFO = NO;
				MTL_FAST_MATH = YES;
				SDKROOT = iphoneos;
				SWIFT_COMPILATION_MODE = wholemodule;
				SWIFT_OPTIMIZATION_LEVEL = "-O";
				VALIDATE_PRODUCT = YES;
			};
			name = Release;
		};
		275026F1237B36B10097AF77 /* Debug */ = {
			isa = XCBuildConfiguration;
			baseConfigurationReference = 134481BBBAE4E204663B213C /* Pods-ProjectIOS.debug.xcconfig */;
			buildSettings = {
				ASSETCATALOG_COMPILER_APPICON_NAME = AppIcon;
				CODE_SIGN_STYLE = Automatic;
				DEVELOPMENT_TEAM = 4CGJ66G3BY;
				INFOPLIST_FILE = ProjectIOS/Info.plist;
				IPHONEOS_DEPLOYMENT_TARGET = 12.4;
				LD_RUNPATH_SEARCH_PATHS = (
					"$(inherited)",
					"@executable_path/Frameworks",
				);
				PRODUCT_BUNDLE_IDENTIFIER = com.madendinara.ProjectIOS;
				PRODUCT_NAME = "$(TARGET_NAME)";
				SWIFT_VERSION = 5.0;
				TARGETED_DEVICE_FAMILY = 1;
			};
			name = Debug;
		};
		275026F2237B36B10097AF77 /* Release */ = {
			isa = XCBuildConfiguration;
			baseConfigurationReference = 097791466573435E40ADF569 /* Pods-ProjectIOS.release.xcconfig */;
			buildSettings = {
				ASSETCATALOG_COMPILER_APPICON_NAME = AppIcon;
				CODE_SIGN_STYLE = Automatic;
				DEVELOPMENT_TEAM = 4CGJ66G3BY;
				INFOPLIST_FILE = ProjectIOS/Info.plist;
				IPHONEOS_DEPLOYMENT_TARGET = 12.4;
				LD_RUNPATH_SEARCH_PATHS = (
					"$(inherited)",
					"@executable_path/Frameworks",
				);
				PRODUCT_BUNDLE_IDENTIFIER = com.madendinara.ProjectIOS;
				PRODUCT_NAME = "$(TARGET_NAME)";
				SWIFT_VERSION = 5.0;
				TARGETED_DEVICE_FAMILY = 1;
			};
			name = Release;
		};
/* End XCBuildConfiguration section */

/* Begin XCConfigurationList section */
		275026D9237B36B00097AF77 /* Build configuration list for PBXProject "ProjectIOS" */ = {
			isa = XCConfigurationList;
			buildConfigurations = (
				275026EE237B36B10097AF77 /* Debug */,
				275026EF237B36B10097AF77 /* Release */,
			);
			defaultConfigurationIsVisible = 0;
			defaultConfigurationName = Release;
		};
		275026F0237B36B10097AF77 /* Build configuration list for PBXNativeTarget "ProjectIOS" */ = {
			isa = XCConfigurationList;
			buildConfigurations = (
				275026F1237B36B10097AF77 /* Debug */,
				275026F2237B36B10097AF77 /* Release */,
			);
			defaultConfigurationIsVisible = 0;
			defaultConfigurationName = Release;
		};
/* End XCConfigurationList section */
	};
	rootObject = 275026D6237B36B00097AF77 /* Project object */;
}
